// !$*UTF8*$!
{
	archiveVersion = 1;
	classes = {
	};
	objectVersion = 52;
	objects = {

/* Begin PBXBuildFile section */
		22528D9E25D31865005272C9 /* Tests_iOS.swift in Sources */ = {isa = PBXBuildFile; fileRef = 22528D9D25D31865005272C9 /* Tests_iOS.swift */; };
		22528DA925D31865005272C9 /* Tests_macOS.swift in Sources */ = {isa = PBXBuildFile; fileRef = 22528DA825D31865005272C9 /* Tests_macOS.swift */; };
		22528DAB25D31865005272C9 /* NotesiApp.swift in Sources */ = {isa = PBXBuildFile; fileRef = 22528D8225D31860005272C9 /* NotesiApp.swift */; };
		22528DAC25D31865005272C9 /* NotesiApp.swift in Sources */ = {isa = PBXBuildFile; fileRef = 22528D8225D31860005272C9 /* NotesiApp.swift */; };
		22528DAD25D31865005272C9 /* ContentView.swift in Sources */ = {isa = PBXBuildFile; fileRef = 22528D8325D31860005272C9 /* ContentView.swift */; };
		22528DAE25D31865005272C9 /* ContentView.swift in Sources */ = {isa = PBXBuildFile; fileRef = 22528D8325D31860005272C9 /* ContentView.swift */; };
		22528DAF25D31865005272C9 /* Assets.xcassets in Resources */ = {isa = PBXBuildFile; fileRef = 22528D8425D31865005272C9 /* Assets.xcassets */; };
		22528DB025D31865005272C9 /* Assets.xcassets in Resources */ = {isa = PBXBuildFile; fileRef = 22528D8425D31865005272C9 /* Assets.xcassets */; };
		22528DC525D31918005272C9 /* SwiftDown in Frameworks */ = {isa = PBXBuildFile; productRef = 22528DC425D31918005272C9 /* SwiftDown */; };
		22528DCC25D3194F005272C9 /* SwiftDown in Frameworks */ = {isa = PBXBuildFile; productRef = 22528DCB25D3194F005272C9 /* SwiftDown */; };
		22528DD225D31CBD005272C9 /* EditorView.swift in Sources */ = {isa = PBXBuildFile; fileRef = 22528DD125D31CBD005272C9 /* EditorView.swift */; };
		22528DD325D31CBD005272C9 /* EditorView.swift in Sources */ = {isa = PBXBuildFile; fileRef = 22528DD125D31CBD005272C9 /* EditorView.swift */; };
		22528DDD25D47FED005272C9 /* AppState.swift in Sources */ = {isa = PBXBuildFile; fileRef = 22528DDC25D47FED005272C9 /* AppState.swift */; };
		22528DDE25D47FED005272C9 /* AppState.swift in Sources */ = {isa = PBXBuildFile; fileRef = 22528DDC25D47FED005272C9 /* AppState.swift */; };
/* End PBXBuildFile section */

/* Begin PBXContainerItemProxy section */
		22528D9A25D31865005272C9 /* PBXContainerItemProxy */ = {
			isa = PBXContainerItemProxy;
			containerPortal = 22528D7D25D31860005272C9 /* Project object */;
			proxyType = 1;
			remoteGlobalIDString = 22528D8825D31865005272C9;
			remoteInfo = "Notesi (iOS)";
		};
		22528DA525D31865005272C9 /* PBXContainerItemProxy */ = {
			isa = PBXContainerItemProxy;
			containerPortal = 22528D7D25D31860005272C9 /* Project object */;
			proxyType = 1;
			remoteGlobalIDString = 22528D9025D31865005272C9;
			remoteInfo = "Notesi (macOS)";
		};
/* End PBXContainerItemProxy section */

/* Begin PBXFileReference section */
		22528D8225D31860005272C9 /* NotesiApp.swift */ = {isa = PBXFileReference; lastKnownFileType = sourcecode.swift; path = NotesiApp.swift; sourceTree = "<group>"; };
		22528D8325D31860005272C9 /* ContentView.swift */ = {isa = PBXFileReference; lastKnownFileType = sourcecode.swift; path = ContentView.swift; sourceTree = "<group>"; };
		22528D8425D31865005272C9 /* Assets.xcassets */ = {isa = PBXFileReference; lastKnownFileType = folder.assetcatalog; path = Assets.xcassets; sourceTree = "<group>"; };
		22528D8925D31865005272C9 /* Notesi.app */ = {isa = PBXFileReference; explicitFileType = wrapper.application; includeInIndex = 0; path = Notesi.app; sourceTree = BUILT_PRODUCTS_DIR; };
		22528D8C25D31865005272C9 /* Info.plist */ = {isa = PBXFileReference; lastKnownFileType = text.plist.xml; path = Info.plist; sourceTree = "<group>"; };
		22528D9125D31865005272C9 /* Notesi.app */ = {isa = PBXFileReference; explicitFileType = wrapper.application; includeInIndex = 0; path = Notesi.app; sourceTree = BUILT_PRODUCTS_DIR; };
		22528D9325D31865005272C9 /* Info.plist */ = {isa = PBXFileReference; lastKnownFileType = text.plist.xml; path = Info.plist; sourceTree = "<group>"; };
		22528D9425D31865005272C9 /* macOS.entitlements */ = {isa = PBXFileReference; lastKnownFileType = text.plist.entitlements; path = macOS.entitlements; sourceTree = "<group>"; };
		22528D9925D31865005272C9 /* Tests iOS.xctest */ = {isa = PBXFileReference; explicitFileType = wrapper.cfbundle; includeInIndex = 0; path = "Tests iOS.xctest"; sourceTree = BUILT_PRODUCTS_DIR; };
		22528D9D25D31865005272C9 /* Tests_iOS.swift */ = {isa = PBXFileReference; lastKnownFileType = sourcecode.swift; path = Tests_iOS.swift; sourceTree = "<group>"; };
		22528D9F25D31865005272C9 /* Info.plist */ = {isa = PBXFileReference; lastKnownFileType = text.plist.xml; path = Info.plist; sourceTree = "<group>"; };
		22528DA425D31865005272C9 /* Tests macOS.xctest */ = {isa = PBXFileReference; explicitFileType = wrapper.cfbundle; includeInIndex = 0; path = "Tests macOS.xctest"; sourceTree = BUILT_PRODUCTS_DIR; };
		22528DA825D31865005272C9 /* Tests_macOS.swift */ = {isa = PBXFileReference; lastKnownFileType = sourcecode.swift; path = Tests_macOS.swift; sourceTree = "<group>"; };
		22528DAA25D31865005272C9 /* Info.plist */ = {isa = PBXFileReference; lastKnownFileType = text.plist.xml; path = Info.plist; sourceTree = "<group>"; };
		22528DD125D31CBD005272C9 /* EditorView.swift */ = {isa = PBXFileReference; lastKnownFileType = sourcecode.swift; path = EditorView.swift; sourceTree = "<group>"; };
		22528DDC25D47FED005272C9 /* AppState.swift */ = {isa = PBXFileReference; lastKnownFileType = sourcecode.swift; path = AppState.swift; sourceTree = "<group>"; };
/* End PBXFileReference section */

/* Begin PBXFrameworksBuildPhase section */
		22528D8625D31865005272C9 /* Frameworks */ = {
			isa = PBXFrameworksBuildPhase;
			buildActionMask = 2147483647;
			files = (
				22528DCC25D3194F005272C9 /* SwiftDown in Frameworks */,
			);
			runOnlyForDeploymentPostprocessing = 0;
		};
		22528D8E25D31865005272C9 /* Frameworks */ = {
			isa = PBXFrameworksBuildPhase;
			buildActionMask = 2147483647;
			files = (
				22528DC525D31918005272C9 /* SwiftDown in Frameworks */,
			);
			runOnlyForDeploymentPostprocessing = 0;
		};
		22528D9625D31865005272C9 /* Frameworks */ = {
			isa = PBXFrameworksBuildPhase;
			buildActionMask = 2147483647;
			files = (
			);
			runOnlyForDeploymentPostprocessing = 0;
		};
		22528DA125D31865005272C9 /* Frameworks */ = {
			isa = PBXFrameworksBuildPhase;
			buildActionMask = 2147483647;
			files = (
			);
			runOnlyForDeploymentPostprocessing = 0;
		};
/* End PBXFrameworksBuildPhase section */

/* Begin PBXGroup section */
		22528D7C25D31860005272C9 = {
			isa = PBXGroup;
			children = (
				22528D8125D31860005272C9 /* Shared */,
				22528D8B25D31865005272C9 /* iOS */,
				22528D9225D31865005272C9 /* macOS */,
				22528D9C25D31865005272C9 /* Tests iOS */,
				22528DA725D31865005272C9 /* Tests macOS */,
				22528D8A25D31865005272C9 /* Products */,
				22528DCA25D3194F005272C9 /* Frameworks */,
			);
			sourceTree = "<group>";
		};
		22528D8125D31860005272C9 /* Shared */ = {
			isa = PBXGroup;
			children = (
				22528D8225D31860005272C9 /* NotesiApp.swift */,
				22528D8325D31860005272C9 /* ContentView.swift */,
				22528DDC25D47FED005272C9 /* AppState.swift */,
				22528D8425D31865005272C9 /* Assets.xcassets */,
				22528DD125D31CBD005272C9 /* EditorView.swift */,
			);
			path = Shared;
			sourceTree = "<group>";
		};
		22528D8A25D31865005272C9 /* Products */ = {
			isa = PBXGroup;
			children = (
				22528D8925D31865005272C9 /* Notesi.app */,
				22528D9125D31865005272C9 /* Notesi.app */,
				22528D9925D31865005272C9 /* Tests iOS.xctest */,
				22528DA425D31865005272C9 /* Tests macOS.xctest */,
			);
			name = Products;
			sourceTree = "<group>";
		};
		22528D8B25D31865005272C9 /* iOS */ = {
			isa = PBXGroup;
			children = (
				22528D8C25D31865005272C9 /* Info.plist */,
			);
			path = iOS;
			sourceTree = "<group>";
		};
		22528D9225D31865005272C9 /* macOS */ = {
			isa = PBXGroup;
			children = (
				22528D9325D31865005272C9 /* Info.plist */,
				22528D9425D31865005272C9 /* macOS.entitlements */,
			);
			path = macOS;
			sourceTree = "<group>";
		};
		22528D9C25D31865005272C9 /* Tests iOS */ = {
			isa = PBXGroup;
			children = (
				22528D9D25D31865005272C9 /* Tests_iOS.swift */,
				22528D9F25D31865005272C9 /* Info.plist */,
			);
			path = "Tests iOS";
			sourceTree = "<group>";
		};
		22528DA725D31865005272C9 /* Tests macOS */ = {
			isa = PBXGroup;
			children = (
				22528DA825D31865005272C9 /* Tests_macOS.swift */,
				22528DAA25D31865005272C9 /* Info.plist */,
			);
			path = "Tests macOS";
			sourceTree = "<group>";
		};
		22528DCA25D3194F005272C9 /* Frameworks */ = {
			isa = PBXGroup;
			children = (
			);
			name = Frameworks;
			sourceTree = "<group>";
		};
/* End PBXGroup section */

/* Begin PBXNativeTarget section */
		22528D8825D31865005272C9 /* Notesi (iOS) */ = {
			isa = PBXNativeTarget;
			buildConfigurationList = 22528DB325D31865005272C9 /* Build configuration list for PBXNativeTarget "Notesi (iOS)" */;
			buildPhases = (
				22528D8525D31865005272C9 /* Sources */,
				22528D8625D31865005272C9 /* Frameworks */,
				22528D8725D31865005272C9 /* Resources */,
			);
			buildRules = (
			);
			dependencies = (
			);
			name = "Notesi (iOS)";
			packageProductDependencies = (
				22528DCB25D3194F005272C9 /* SwiftDown */,
			);
			productName = "Notesi (iOS)";
			productReference = 22528D8925D31865005272C9 /* Notesi.app */;
			productType = "com.apple.product-type.application";
		};
		22528D9025D31865005272C9 /* Notesi (macOS) */ = {
			isa = PBXNativeTarget;
			buildConfigurationList = 22528DB625D31865005272C9 /* Build configuration list for PBXNativeTarget "Notesi (macOS)" */;
			buildPhases = (
				22528D8D25D31865005272C9 /* Sources */,
				22528D8E25D31865005272C9 /* Frameworks */,
				22528D8F25D31865005272C9 /* Resources */,
			);
			buildRules = (
			);
			dependencies = (
			);
			name = "Notesi (macOS)";
			packageProductDependencies = (
				22528DC425D31918005272C9 /* SwiftDown */,
			);
			productName = "Notesi (macOS)";
			productReference = 22528D9125D31865005272C9 /* Notesi.app */;
			productType = "com.apple.product-type.application";
		};
		22528D9825D31865005272C9 /* Tests iOS */ = {
			isa = PBXNativeTarget;
			buildConfigurationList = 22528DB925D31865005272C9 /* Build configuration list for PBXNativeTarget "Tests iOS" */;
			buildPhases = (
				22528D9525D31865005272C9 /* Sources */,
				22528D9625D31865005272C9 /* Frameworks */,
				22528D9725D31865005272C9 /* Resources */,
			);
			buildRules = (
			);
			dependencies = (
				22528D9B25D31865005272C9 /* PBXTargetDependency */,
			);
			name = "Tests iOS";
			productName = "Tests iOS";
			productReference = 22528D9925D31865005272C9 /* Tests iOS.xctest */;
			productType = "com.apple.product-type.bundle.ui-testing";
		};
		22528DA325D31865005272C9 /* Tests macOS */ = {
			isa = PBXNativeTarget;
			buildConfigurationList = 22528DBC25D31865005272C9 /* Build configuration list for PBXNativeTarget "Tests macOS" */;
			buildPhases = (
				22528DA025D31865005272C9 /* Sources */,
				22528DA125D31865005272C9 /* Frameworks */,
				22528DA225D31865005272C9 /* Resources */,
			);
			buildRules = (
			);
			dependencies = (
				22528DA625D31865005272C9 /* PBXTargetDependency */,
			);
			name = "Tests macOS";
			productName = "Tests macOS";
			productReference = 22528DA425D31865005272C9 /* Tests macOS.xctest */;
			productType = "com.apple.product-type.bundle.ui-testing";
		};
/* End PBXNativeTarget section */

/* Begin PBXProject section */
		22528D7D25D31860005272C9 /* Project object */ = {
			isa = PBXProject;
			attributes = {
				LastSwiftUpdateCheck = 1240;
				LastUpgradeCheck = 1240;
				TargetAttributes = {
					22528D8825D31865005272C9 = {
						CreatedOnToolsVersion = 12.4;
					};
					22528D9025D31865005272C9 = {
						CreatedOnToolsVersion = 12.4;
					};
					22528D9825D31865005272C9 = {
						CreatedOnToolsVersion = 12.4;
						TestTargetID = 22528D8825D31865005272C9;
					};
					22528DA325D31865005272C9 = {
						CreatedOnToolsVersion = 12.4;
						TestTargetID = 22528D9025D31865005272C9;
					};
				};
			};
			buildConfigurationList = 22528D8025D31860005272C9 /* Build configuration list for PBXProject "Notesi" */;
			compatibilityVersion = "Xcode 9.3";
			developmentRegion = en;
			hasScannedForEncodings = 0;
			knownRegions = (
				en,
				Base,
			);
			mainGroup = 22528D7C25D31860005272C9;
			packageReferences = (
				22528DC325D31918005272C9 /* XCRemoteSwiftPackageReference "SwiftDown" */,
			);
			productRefGroup = 22528D8A25D31865005272C9 /* Products */;
			projectDirPath = "";
			projectRoot = "";
			targets = (
				22528D8825D31865005272C9 /* Notesi (iOS) */,
				22528D9025D31865005272C9 /* Notesi (macOS) */,
				22528D9825D31865005272C9 /* Tests iOS */,
				22528DA325D31865005272C9 /* Tests macOS */,
			);
		};
/* End PBXProject section */

/* Begin PBXResourcesBuildPhase section */
		22528D8725D31865005272C9 /* Resources */ = {
			isa = PBXResourcesBuildPhase;
			buildActionMask = 2147483647;
			files = (
				22528DAF25D31865005272C9 /* Assets.xcassets in Resources */,
			);
			runOnlyForDeploymentPostprocessing = 0;
		};
		22528D8F25D31865005272C9 /* Resources */ = {
			isa = PBXResourcesBuildPhase;
			buildActionMask = 2147483647;
			files = (
				22528DB025D31865005272C9 /* Assets.xcassets in Resources */,
			);
			runOnlyForDeploymentPostprocessing = 0;
		};
		22528D9725D31865005272C9 /* Resources */ = {
			isa = PBXResourcesBuildPhase;
			buildActionMask = 2147483647;
			files = (
			);
			runOnlyForDeploymentPostprocessing = 0;
		};
		22528DA225D31865005272C9 /* Resources */ = {
			isa = PBXResourcesBuildPhase;
			buildActionMask = 2147483647;
			files = (
			);
			runOnlyForDeploymentPostprocessing = 0;
		};
/* End PBXResourcesBuildPhase section */

/* Begin PBXSourcesBuildPhase section */
		22528D8525D31865005272C9 /* Sources */ = {
			isa = PBXSourcesBuildPhase;
			buildActionMask = 2147483647;
			files = (
				22528DD225D31CBD005272C9 /* EditorView.swift in Sources */,
				22528DAD25D31865005272C9 /* ContentView.swift in Sources */,
				22528DAB25D31865005272C9 /* NotesiApp.swift in Sources */,
				22528DDD25D47FED005272C9 /* AppState.swift in Sources */,
			);
			runOnlyForDeploymentPostprocessing = 0;
		};
		22528D8D25D31865005272C9 /* Sources */ = {
			isa = PBXSourcesBuildPhase;
			buildActionMask = 2147483647;
			files = (
				22528DD325D31CBD005272C9 /* EditorView.swift in Sources */,
				22528DAE25D31865005272C9 /* ContentView.swift in Sources */,
				22528DAC25D31865005272C9 /* NotesiApp.swift in Sources */,
				22528DDE25D47FED005272C9 /* AppState.swift in Sources */,
			);
			runOnlyForDeploymentPostprocessing = 0;
		};
		22528D9525D31865005272C9 /* Sources */ = {
			isa = PBXSourcesBuildPhase;
			buildActionMask = 2147483647;
			files = (
				22528D9E25D31865005272C9 /* Tests_iOS.swift in Sources */,
			);
			runOnlyForDeploymentPostprocessing = 0;
		};
		22528DA025D31865005272C9 /* Sources */ = {
			isa = PBXSourcesBuildPhase;
			buildActionMask = 2147483647;
			files = (
				22528DA925D31865005272C9 /* Tests_macOS.swift in Sources */,
			);
			runOnlyForDeploymentPostprocessing = 0;
		};
/* End PBXSourcesBuildPhase section */

/* Begin PBXTargetDependency section */
		22528D9B25D31865005272C9 /* PBXTargetDependency */ = {
			isa = PBXTargetDependency;
			target = 22528D8825D31865005272C9 /* Notesi (iOS) */;
			targetProxy = 22528D9A25D31865005272C9 /* PBXContainerItemProxy */;
		};
		22528DA625D31865005272C9 /* PBXTargetDependency */ = {
			isa = PBXTargetDependency;
			target = 22528D9025D31865005272C9 /* Notesi (macOS) */;
			targetProxy = 22528DA525D31865005272C9 /* PBXContainerItemProxy */;
		};
/* End PBXTargetDependency section */

/* Begin XCBuildConfiguration section */
		22528DB125D31865005272C9 /* Debug */ = {
			isa = XCBuildConfiguration;
			buildSettings = {
				ALWAYS_SEARCH_USER_PATHS = NO;
				CLANG_ANALYZER_NONNULL = YES;
				CLANG_ANALYZER_NUMBER_OBJECT_CONVERSION = YES_AGGRESSIVE;
				CLANG_CXX_LANGUAGE_STANDARD = "gnu++14";
				CLANG_CXX_LIBRARY = "libc++";
				CLANG_ENABLE_MODULES = YES;
				CLANG_ENABLE_OBJC_ARC = YES;
				CLANG_ENABLE_OBJC_WEAK = YES;
				CLANG_WARN_BLOCK_CAPTURE_AUTORELEASING = YES;
				CLANG_WARN_BOOL_CONVERSION = YES;
				CLANG_WARN_COMMA = YES;
				CLANG_WARN_CONSTANT_CONVERSION = YES;
				CLANG_WARN_DEPRECATED_OBJC_IMPLEMENTATIONS = YES;
				CLANG_WARN_DIRECT_OBJC_ISA_USAGE = YES_ERROR;
				CLANG_WARN_DOCUMENTATION_COMMENTS = YES;
				CLANG_WARN_EMPTY_BODY = YES;
				CLANG_WARN_ENUM_CONVERSION = YES;
				CLANG_WARN_INFINITE_RECURSION = YES;
				CLANG_WARN_INT_CONVERSION = YES;
				CLANG_WARN_NON_LITERAL_NULL_CONVERSION = YES;
				CLANG_WARN_OBJC_IMPLICIT_RETAIN_SELF = YES;
				CLANG_WARN_OBJC_LITERAL_CONVERSION = YES;
				CLANG_WARN_OBJC_ROOT_CLASS = YES_ERROR;
				CLANG_WARN_QUOTED_INCLUDE_IN_FRAMEWORK_HEADER = YES;
				CLANG_WARN_RANGE_LOOP_ANALYSIS = YES;
				CLANG_WARN_STRICT_PROTOTYPES = YES;
				CLANG_WARN_SUSPICIOUS_MOVE = YES;
				CLANG_WARN_UNGUARDED_AVAILABILITY = YES_AGGRESSIVE;
				CLANG_WARN_UNREACHABLE_CODE = YES;
				CLANG_WARN__DUPLICATE_METHOD_MATCH = YES;
				COPY_PHASE_STRIP = NO;
				DEBUG_INFORMATION_FORMAT = dwarf;
				ENABLE_STRICT_OBJC_MSGSEND = YES;
				ENABLE_TESTABILITY = YES;
				GCC_C_LANGUAGE_STANDARD = gnu11;
				GCC_DYNAMIC_NO_PIC = NO;
				GCC_NO_COMMON_BLOCKS = YES;
				GCC_OPTIMIZATION_LEVEL = 0;
				GCC_PREPROCESSOR_DEFINITIONS = (
					"DEBUG=1",
					"$(inherited)",
				);
				GCC_WARN_64_TO_32_BIT_CONVERSION = YES;
				GCC_WARN_ABOUT_RETURN_TYPE = YES_ERROR;
				GCC_WARN_UNDECLARED_SELECTOR = YES;
				GCC_WARN_UNINITIALIZED_AUTOS = YES_AGGRESSIVE;
				GCC_WARN_UNUSED_FUNCTION = YES;
				GCC_WARN_UNUSED_VARIABLE = YES;
				MTL_ENABLE_DEBUG_INFO = INCLUDE_SOURCE;
				MTL_FAST_MATH = YES;
				ONLY_ACTIVE_ARCH = YES;
				SWIFT_ACTIVE_COMPILATION_CONDITIONS = DEBUG;
				SWIFT_OPTIMIZATION_LEVEL = "-Onone";
			};
			name = Debug;
		};
		22528DB225D31865005272C9 /* Release */ = {
			isa = XCBuildConfiguration;
			buildSettings = {
				ALWAYS_SEARCH_USER_PATHS = NO;
				CLANG_ANALYZER_NONNULL = YES;
				CLANG_ANALYZER_NUMBER_OBJECT_CONVERSION = YES_AGGRESSIVE;
				CLANG_CXX_LANGUAGE_STANDARD = "gnu++14";
				CLANG_CXX_LIBRARY = "libc++";
				CLANG_ENABLE_MODULES = YES;
				CLANG_ENABLE_OBJC_ARC = YES;
				CLANG_ENABLE_OBJC_WEAK = YES;
				CLANG_WARN_BLOCK_CAPTURE_AUTORELEASING = YES;
				CLANG_WARN_BOOL_CONVERSION = YES;
				CLANG_WARN_COMMA = YES;
				CLANG_WARN_CONSTANT_CONVERSION = YES;
				CLANG_WARN_DEPRECATED_OBJC_IMPLEMENTATIONS = YES;
				CLANG_WARN_DIRECT_OBJC_ISA_USAGE = YES_ERROR;
				CLANG_WARN_DOCUMENTATION_COMMENTS = YES;
				CLANG_WARN_EMPTY_BODY = YES;
				CLANG_WARN_ENUM_CONVERSION = YES;
				CLANG_WARN_INFINITE_RECURSION = YES;
				CLANG_WARN_INT_CONVERSION = YES;
				CLANG_WARN_NON_LITERAL_NULL_CONVERSION = YES;
				CLANG_WARN_OBJC_IMPLICIT_RETAIN_SELF = YES;
				CLANG_WARN_OBJC_LITERAL_CONVERSION = YES;
				CLANG_WARN_OBJC_ROOT_CLASS = YES_ERROR;
				CLANG_WARN_QUOTED_INCLUDE_IN_FRAMEWORK_HEADER = YES;
				CLANG_WARN_RANGE_LOOP_ANALYSIS = YES;
				CLANG_WARN_STRICT_PROTOTYPES = YES;
				CLANG_WARN_SUSPICIOUS_MOVE = YES;
				CLANG_WARN_UNGUARDED_AVAILABILITY = YES_AGGRESSIVE;
				CLANG_WARN_UNREACHABLE_CODE = YES;
				CLANG_WARN__DUPLICATE_METHOD_MATCH = YES;
				COPY_PHASE_STRIP = NO;
				DEBUG_INFORMATION_FORMAT = "dwarf-with-dsym";
				ENABLE_NS_ASSERTIONS = NO;
				ENABLE_STRICT_OBJC_MSGSEND = YES;
				GCC_C_LANGUAGE_STANDARD = gnu11;
				GCC_NO_COMMON_BLOCKS = YES;
				GCC_WARN_64_TO_32_BIT_CONVERSION = YES;
				GCC_WARN_ABOUT_RETURN_TYPE = YES_ERROR;
				GCC_WARN_UNDECLARED_SELECTOR = YES;
				GCC_WARN_UNINITIALIZED_AUTOS = YES_AGGRESSIVE;
				GCC_WARN_UNUSED_FUNCTION = YES;
				GCC_WARN_UNUSED_VARIABLE = YES;
				MTL_ENABLE_DEBUG_INFO = NO;
				MTL_FAST_MATH = YES;
				SWIFT_COMPILATION_MODE = wholemodule;
				SWIFT_OPTIMIZATION_LEVEL = "-O";
			};
			name = Release;
		};
		22528DB425D31865005272C9 /* Debug */ = {
			isa = XCBuildConfiguration;
			buildSettings = {
				ASSETCATALOG_COMPILER_APPICON_NAME = AppIcon;
				ASSETCATALOG_COMPILER_GLOBAL_ACCENT_COLOR_NAME = AccentColor;
				CODE_SIGN_STYLE = Automatic;
				DEVELOPMENT_TEAM = 83Q998B277;
				ENABLE_PREVIEWS = YES;
				INFOPLIST_FILE = iOS/Info.plist;
				IPHONEOS_DEPLOYMENT_TARGET = 14.0;
				LD_RUNPATH_SEARCH_PATHS = (
					"$(inherited)",
					"@executable_path/Frameworks",
				);
				PRODUCT_BUNDLE_IDENTIFIER = com.qeude.Notesi;
				PRODUCT_NAME = Notesi;
				SDKROOT = iphoneos;
				SWIFT_VERSION = 5.0;
				TARGETED_DEVICE_FAMILY = "1,2";
			};
			name = Debug;
		};
		22528DB525D31865005272C9 /* Release */ = {
			isa = XCBuildConfiguration;
			buildSettings = {
				ASSETCATALOG_COMPILER_APPICON_NAME = AppIcon;
				ASSETCATALOG_COMPILER_GLOBAL_ACCENT_COLOR_NAME = AccentColor;
				CODE_SIGN_STYLE = Automatic;
				DEVELOPMENT_TEAM = 83Q998B277;
				ENABLE_PREVIEWS = YES;
				INFOPLIST_FILE = iOS/Info.plist;
				IPHONEOS_DEPLOYMENT_TARGET = 14.0;
				LD_RUNPATH_SEARCH_PATHS = (
					"$(inherited)",
					"@executable_path/Frameworks",
				);
				PRODUCT_BUNDLE_IDENTIFIER = com.qeude.Notesi;
				PRODUCT_NAME = Notesi;
				SDKROOT = iphoneos;
				SWIFT_VERSION = 5.0;
				TARGETED_DEVICE_FAMILY = "1,2";
				VALIDATE_PRODUCT = YES;
			};
			name = Release;
		};
		22528DB725D31865005272C9 /* Debug */ = {
			isa = XCBuildConfiguration;
			buildSettings = {
				ASSETCATALOG_COMPILER_APPICON_NAME = AppIcon;
				ASSETCATALOG_COMPILER_GLOBAL_ACCENT_COLOR_NAME = AccentColor;
				CODE_SIGN_ENTITLEMENTS = macOS/macOS.entitlements;
				CODE_SIGN_STYLE = Automatic;
				COMBINE_HIDPI_IMAGES = YES;
				DEVELOPMENT_TEAM = 83Q998B277;
				ENABLE_HARDENED_RUNTIME = YES;
				ENABLE_PREVIEWS = YES;
				INFOPLIST_FILE = macOS/Info.plist;
				LD_RUNPATH_SEARCH_PATHS = (
					"$(inherited)",
					"@executable_path/../Frameworks",
				);
				MACOSX_DEPLOYMENT_TARGET = 11.0;
				PRODUCT_BUNDLE_IDENTIFIER = com.qeude.Notesi;
				PRODUCT_NAME = Notesi;
				SDKROOT = macosx;
				SWIFT_VERSION = 5.0;
			};
			name = Debug;
		};
		22528DB825D31865005272C9 /* Release */ = {
			isa = XCBuildConfiguration;
			buildSettings = {
				ASSETCATALOG_COMPILER_APPICON_NAME = AppIcon;
				ASSETCATALOG_COMPILER_GLOBAL_ACCENT_COLOR_NAME = AccentColor;
				CODE_SIGN_ENTITLEMENTS = macOS/macOS.entitlements;
				CODE_SIGN_STYLE = Automatic;
				COMBINE_HIDPI_IMAGES = YES;
				DEVELOPMENT_TEAM = 83Q998B277;
				ENABLE_HARDENED_RUNTIME = YES;
				ENABLE_PREVIEWS = YES;
				INFOPLIST_FILE = macOS/Info.plist;
				LD_RUNPATH_SEARCH_PATHS = (
					"$(inherited)",
					"@executable_path/../Frameworks",
				);
				MACOSX_DEPLOYMENT_TARGET = 11.0;
				PRODUCT_BUNDLE_IDENTIFIER = com.qeude.Notesi;
				PRODUCT_NAME = Notesi;
				SDKROOT = macosx;
				SWIFT_VERSION = 5.0;
			};
			name = Release;
		};
		22528DBA25D31865005272C9 /* Debug */ = {
			isa = XCBuildConfiguration;
			buildSettings = {
				ALWAYS_EMBED_SWIFT_STANDARD_LIBRARIES = YES;
				CODE_SIGN_STYLE = Automatic;
				DEVELOPMENT_TEAM = 83Q998B277;
				INFOPLIST_FILE = "Tests iOS/Info.plist";
				IPHONEOS_DEPLOYMENT_TARGET = 14.4;
				LD_RUNPATH_SEARCH_PATHS = (
					"$(inherited)",
					"@executable_path/Frameworks",
					"@loader_path/Frameworks",
				);
				PRODUCT_BUNDLE_IDENTIFIER = "com.qeude.Tests-iOS";
				PRODUCT_NAME = "$(TARGET_NAME)";
				SDKROOT = iphoneos;
				SWIFT_VERSION = 5.0;
				TARGETED_DEVICE_FAMILY = "1,2";
				TEST_TARGET_NAME = "Notesi (iOS)";
			};
			name = Debug;
		};
		22528DBB25D31865005272C9 /* Release */ = {
			isa = XCBuildConfiguration;
			buildSettings = {
				ALWAYS_EMBED_SWIFT_STANDARD_LIBRARIES = YES;
				CODE_SIGN_STYLE = Automatic;
				DEVELOPMENT_TEAM = 83Q998B277;
				INFOPLIST_FILE = "Tests iOS/Info.plist";
				IPHONEOS_DEPLOYMENT_TARGET = 14.4;
				LD_RUNPATH_SEARCH_PATHS = (
					"$(inherited)",
					"@executable_path/Frameworks",
					"@loader_path/Frameworks",
				);
				PRODUCT_BUNDLE_IDENTIFIER = "com.qeude.Tests-iOS";
				PRODUCT_NAME = "$(TARGET_NAME)";
				SDKROOT = iphoneos;
				SWIFT_VERSION = 5.0;
				TARGETED_DEVICE_FAMILY = "1,2";
				TEST_TARGET_NAME = "Notesi (iOS)";
				VALIDATE_PRODUCT = YES;
			};
			name = Release;
		};
		22528DBD25D31865005272C9 /* Debug */ = {
			isa = XCBuildConfiguration;
			buildSettings = {
				ALWAYS_EMBED_SWIFT_STANDARD_LIBRARIES = YES;
				CODE_SIGN_STYLE = Automatic;
				COMBINE_HIDPI_IMAGES = YES;
				DEVELOPMENT_TEAM = 83Q998B277;
				INFOPLIST_FILE = "Tests macOS/Info.plist";
				LD_RUNPATH_SEARCH_PATHS = (
					"$(inherited)",
					"@executable_path/../Frameworks",
					"@loader_path/../Frameworks",
				);
				MACOSX_DEPLOYMENT_TARGET = 11.1;
				PRODUCT_BUNDLE_IDENTIFIER = "com.qeude.Tests-macOS";
				PRODUCT_NAME = "$(TARGET_NAME)";
				SDKROOT = macosx;
				SWIFT_VERSION = 5.0;
				TEST_TARGET_NAME = "Notesi (macOS)";
			};
			name = Debug;
		};
		22528DBE25D31865005272C9 /* Release */ = {
			isa = XCBuildConfiguration;
			buildSettings = {
				ALWAYS_EMBED_SWIFT_STANDARD_LIBRARIES = YES;
				CODE_SIGN_STYLE = Automatic;
				COMBINE_HIDPI_IMAGES = YES;
				DEVELOPMENT_TEAM = 83Q998B277;
				INFOPLIST_FILE = "Tests macOS/Info.plist";
				LD_RUNPATH_SEARCH_PATHS = (
					"$(inherited)",
					"@executable_path/../Frameworks",
					"@loader_path/../Frameworks",
				);
				MACOSX_DEPLOYMENT_TARGET = 11.1;
				PRODUCT_BUNDLE_IDENTIFIER = "com.qeude.Tests-macOS";
				PRODUCT_NAME = "$(TARGET_NAME)";
				SDKROOT = macosx;
				SWIFT_VERSION = 5.0;
				TEST_TARGET_NAME = "Notesi (macOS)";
			};
			name = Release;
		};
/* End XCBuildConfiguration section */

/* Begin XCConfigurationList section */
		22528D8025D31860005272C9 /* Build configuration list for PBXProject "Notesi" */ = {
			isa = XCConfigurationList;
			buildConfigurations = (
				22528DB125D31865005272C9 /* Debug */,
				22528DB225D31865005272C9 /* Release */,
			);
			defaultConfigurationIsVisible = 0;
			defaultConfigurationName = Release;
		};
		22528DB325D31865005272C9 /* Build configuration list for PBXNativeTarget "Notesi (iOS)" */ = {
			isa = XCConfigurationList;
			buildConfigurations = (
				22528DB425D31865005272C9 /* Debug */,
				22528DB525D31865005272C9 /* Release */,
			);
			defaultConfigurationIsVisible = 0;
			defaultConfigurationName = Release;
		};
		22528DB625D31865005272C9 /* Build configuration list for PBXNativeTarget "Notesi (macOS)" */ = {
			isa = XCConfigurationList;
			buildConfigurations = (
				22528DB725D31865005272C9 /* Debug */,
				22528DB825D31865005272C9 /* Release */,
			);
			defaultConfigurationIsVisible = 0;
			defaultConfigurationName = Release;
		};
		22528DB925D31865005272C9 /* Build configuration list for PBXNativeTarget "Tests iOS" */ = {
			isa = XCConfigurationList;
			buildConfigurations = (
				22528DBA25D31865005272C9 /* Debug */,
				22528DBB25D31865005272C9 /* Release */,
			);
			defaultConfigurationIsVisible = 0;
			defaultConfigurationName = Release;
		};
		22528DBC25D31865005272C9 /* Build configuration list for PBXNativeTarget "Tests macOS" */ = {
			isa = XCConfigurationList;
			buildConfigurations = (
				22528DBD25D31865005272C9 /* Debug */,
				22528DBE25D31865005272C9 /* Release */,
			);
			defaultConfigurationIsVisible = 0;
			defaultConfigurationName = Release;
		};
/* End XCConfigurationList section */

/* Begin XCRemoteSwiftPackageReference section */
		22528DC325D31918005272C9 /* XCRemoteSwiftPackageReference "SwiftDown" */ = {
			isa = XCRemoteSwiftPackageReference;
			repositoryURL = "https://github.com/qeude/SwiftDown";
			requirement = {
				kind = upToNextMajorVersion;
				minimumVersion = 0.0.1;
			};
		};
/* End XCRemoteSwiftPackageReference section */

/* Begin XCSwiftPackageProductDependency section */
		22528DC425D31918005272C9 /* SwiftDown */ = {
			isa = XCSwiftPackageProductDependency;
			package = 22528DC325D31918005272C9 /* XCRemoteSwiftPackageReference "SwiftDown" */;
			productName = SwiftDown;
		};
		22528DCB25D3194F005272C9 /* SwiftDown */ = {
			isa = XCSwiftPackageProductDependency;
			package = 22528DC325D31918005272C9 /* XCRemoteSwiftPackageReference "SwiftDown" */;
			productName = SwiftDown;
		};
/* End XCSwiftPackageProductDependency section */
	};
	rootObject = 22528D7D25D31860005272C9 /* Project object */;
}
